
Microsoft Visual Studio Solution File, Format Version 12.00
# Visual Studio 15
VisualStudioVersion = 15.0.27703.2047
MinimumVisualStudioVersion = 10.0.40219.1
Project("{FAE04EC0-301F-11D3-BF4B-00C04F79EFBC}") = "BioApp.Android", "BioApp\BioApp.Android\BioApp.Android.csproj", "{F9066262-BAA4-4DB0-9F27-D69D309C5392}"
EndProject
Project("{FAE04EC0-301F-11D3-BF4B-00C04F79EFBC}") = "BioApp.iOS", "BioApp\BioApp.iOS\BioApp.iOS.csproj", "{E29F0BDA-CA2A-4A7B-8CC3-F22D2669765C}"
EndProject
Project("{FAE04EC0-301F-11D3-BF4B-00C04F79EFBC}") = "BioApp.UWP", "BioApp\BioApp.UWP\BioApp.UWP.csproj", "{73D65924-9A7A-4CA2-855A-A1A17BD79E56}"
EndProject
Project("{D954291E-2A0B-460D-934E-DC6B0785DB48}") = "BioApp", "BioApp\BioApp\BioApp.shproj", "{71496D6E-23F0-450F-8ACE-9C61CF1E38B3}"
EndProject
Global
	GlobalSection(SharedMSBuildProjectFiles) = preSolution
		BioApp\BioApp\BioApp.projitems*{71496d6e-23f0-450f-8ace-9c61cf1e38b3}*SharedItemsImports = 13
		BioApp\BioApp\BioApp.projitems*{73d65924-9a7a-4ca2-855a-a1a17bd79e56}*SharedItemsImports = 4
		BioApp\BioApp\BioApp.projitems*{e29f0bda-ca2a-4a7b-8cc3-f22d2669765c}*SharedItemsImports = 4
		BioApp\BioApp\BioApp.projitems*{f9066262-baa4-4db0-9f27-d69d309c5392}*SharedItemsImports = 4
	EndGlobalSection
	GlobalSection(SolutionConfigurationPlatforms) = preSolution
		Ad-Hoc|Any CPU = Ad-Hoc|Any CPU
		Ad-Hoc|ARM = Ad-Hoc|ARM
		Ad-Hoc|iPhone = Ad-Hoc|iPhone
		Ad-Hoc|iPhoneSimulator = Ad-Hoc|iPhoneSimulator
		Ad-Hoc|x64 = Ad-Hoc|x64
		Ad-Hoc|x86 = Ad-Hoc|x86
		AppStore|Any CPU = AppStore|Any CPU
		AppStore|ARM = AppStore|ARM
		AppStore|iPhone = AppStore|iPhone
		AppStore|iPhoneSimulator = AppStore|iPhoneSimulator
		AppStore|x64 = AppStore|x64
		AppStore|x86 = AppStore|x86
		Debug|Any CPU = Debug|Any CPU
		Debug|ARM = Debug|ARM
		Debug|iPhone = Debug|iPhone
		Debug|iPhoneSimulator = Debug|iPhoneSimulator
		Debug|x64 = Debug|x64
		Debug|x86 = Debug|x86
		Release|Any CPU = Release|Any CPU
		Release|ARM = Release|ARM
		Release|iPhone = Release|iPhone
		Release|iPhoneSimulator = Release|iPhoneSimulator
		Release|x64 = Release|x64
		Release|x86 = Release|x86
	EndGlobalSection
	GlobalSection(ProjectConfigurationPlatforms) = postSolution
		{F9066262-BAA4-4DB0-9F27-D69D309C5392}.Ad-Hoc|Any CPU.ActiveCfg = Release|Any CPU
		{F9066262-BAA4-4DB0-9F27-D69D309C5392}.Ad-Hoc|Any CPU.Build.0 = Release|Any CPU
		{F9066262-BAA4-4DB0-9F27-D69D309C5392}.Ad-Hoc|Any CPU.Deploy.0 = Release|Any CPU
		{F9066262-BAA4-4DB0-9F27-D69D309C5392}.Ad-Hoc|ARM.ActiveCfg = Release|Any CPU
		{F9066262-BAA4-4DB0-9F27-D69D309C5392}.Ad-Hoc|ARM.Build.0 = Release|Any CPU
		{F9066262-BAA4-4DB0-9F27-D69D309C5392}.Ad-Hoc|ARM.Deploy.0 = Release|Any CPU
		{F9066262-BAA4-4DB0-9F27-D69D309C5392}.Ad-Hoc|iPhone.ActiveCfg = Release|Any CPU
		{F9066262-BAA4-4DB0-9F27-D69D309C5392}.Ad-Hoc|iPhone.Build.0 = Release|Any CPU
		{F9066262-BAA4-4DB0-9F27-D69D309C5392}.Ad-Hoc|iPhone.Deploy.0 = Release|Any CPU
		{F9066262-BAA4-4DB0-9F27-D69D309C5392}.Ad-Hoc|iPhoneSimulator.ActiveCfg = Release|Any CPU
		{F9066262-BAA4-4DB0-9F27-D69D309C5392}.Ad-Hoc|iPhoneSimulator.Build.0 = Release|Any CPU
		{F9066262-BAA4-4DB0-9F27-D69D309C5392}.Ad-Hoc|iPhoneSimulator.Deploy.0 = Release|Any CPU
		{F9066262-BAA4-4DB0-9F27-D69D309C5392}.Ad-Hoc|x64.ActiveCfg = Release|Any CPU
		{F9066262-BAA4-4DB0-9F27-D69D309C5392}.Ad-Hoc|x64.Build.0 = Release|Any CPU
		{F9066262-BAA4-4DB0-9F27-D69D309C5392}.Ad-Hoc|x64.Deploy.0 = Release|Any CPU
		{F9066262-BAA4-4DB0-9F27-D69D309C5392}.Ad-Hoc|x86.ActiveCfg = Release|Any CPU
		{F9066262-BAA4-4DB0-9F27-D69D309C5392}.Ad-Hoc|x86.Build.0 = Release|Any CPU
		{F9066262-BAA4-4DB0-9F27-D69D309C5392}.Ad-Hoc|x86.Deploy.0 = Release|Any CPU
		{F9066262-BAA4-4DB0-9F27-D69D309C5392}.AppStore|Any CPU.ActiveCfg = Release|Any CPU
		{F9066262-BAA4-4DB0-9F27-D69D309C5392}.AppStore|Any CPU.Build.0 = Release|Any CPU
		{F9066262-BAA4-4DB0-9F27-D69D309C5392}.AppStore|Any CPU.Deploy.0 = Release|Any CPU
		{F9066262-BAA4-4DB0-9F27-D69D309C5392}.AppStore|ARM.ActiveCfg = Release|Any CPU
		{F9066262-BAA4-4DB0-9F27-D69D309C5392}.AppStore|ARM.Build.0 = Release|Any CPU
		{F9066262-BAA4-4DB0-9F27-D69D309C5392}.AppStore|ARM.Deploy.0 = Release|Any CPU
		{F9066262-BAA4-4DB0-9F27-D69D309C5392}.AppStore|iPhone.ActiveCfg = Release|Any CPU
		{F9066262-BAA4-4DB0-9F27-D69D309C5392}.AppStore|iPhone.Build.0 = Release|Any CPU
		{F9066262-BAA4-4DB0-9F27-D69D309C5392}.AppStore|iPhone.Deploy.0 = Release|Any CPU
		{F9066262-BAA4-4DB0-9F27-D69D309C5392}.AppStore|iPhoneSimulator.ActiveCfg = Release|Any CPU
		{F9066262-BAA4-4DB0-9F27-D69D309C5392}.AppStore|iPhoneSimulator.Build.0 = Release|Any CPU
		{F9066262-BAA4-4DB0-9F27-D69D309C5392}.AppStore|iPhoneSimulator.Deploy.0 = Release|Any CPU
		{F9066262-BAA4-4DB0-9F27-D69D309C5392}.AppStore|x64.ActiveCfg = Release|Any CPU
		{F9066262-BAA4-4DB0-9F27-D69D309C5392}.AppStore|x64.Build.0 = Release|Any CPU
		{F9066262-BAA4-4DB0-9F27-D69D309C5392}.AppStore|x64.Deploy.0 = Release|Any CPU
		{F9066262-BAA4-4DB0-9F27-D69D309C5392}.AppStore|x86.ActiveCfg = Release|Any CPU
		{F9066262-BAA4-4DB0-9F27-D69D309C5392}.AppStore|x86.Build.0 = Release|Any CPU
		{F9066262-BAA4-4DB0-9F27-D69D309C5392}.AppStore|x86.Deploy.0 = Release|Any CPU
		{F9066262-BAA4-4DB0-9F27-D69D309C5392}.Debug|Any CPU.ActiveCfg = Debug|Any CPU
		{F9066262-BAA4-4DB0-9F27-D69D309C5392}.Debug|Any CPU.Build.0 = Debug|Any CPU
		{F9066262-BAA4-4DB0-9F27-D69D309C5392}.Debug|Any CPU.Deploy.0 = Debug|Any CPU
		{F9066262-BAA4-4DB0-9F27-D69D309C5392}.Debug|ARM.ActiveCfg = Debug|Any CPU
		{F9066262-BAA4-4DB0-9F27-D69D309C5392}.Debug|ARM.Build.0 = Debug|Any CPU
		{F9066262-BAA4-4DB0-9F27-D69D309C5392}.Debug|ARM.Deploy.0 = Debug|Any CPU
		{F9066262-BAA4-4DB0-9F27-D69D309C5392}.Debug|iPhone.ActiveCfg = Debug|Any CPU
		{F9066262-BAA4-4DB0-9F27-D69D309C5392}.Debug|iPhone.Build.0 = Debug|Any CPU
		{F9066262-BAA4-4DB0-9F27-D69D309C5392}.Debug|iPhone.Deploy.0 = Debug|Any CPU
		{F9066262-BAA4-4DB0-9F27-D69D309C5392}.Debug|iPhoneSimulator.ActiveCfg = Debug|Any CPU
		{F9066262-BAA4-4DB0-9F27-D69D309C5392}.Debug|iPhoneSimulator.Build.0 = Debug|Any CPU
		{F9066262-BAA4-4DB0-9F27-D69D309C5392}.Debug|iPhoneSimulator.Deploy.0 = Debug|Any CPU
		{F9066262-BAA4-4DB0-9F27-D69D309C5392}.Debug|x64.ActiveCfg = Debug|Any CPU
		{F9066262-BAA4-4DB0-9F27-D69D309C5392}.Debug|x64.Build.0 = Debug|Any CPU
		{F9066262-BAA4-4DB0-9F27-D69D309C5392}.Debug|x64.Deploy.0 = Debug|Any CPU
		{F9066262-BAA4-4DB0-9F27-D69D309C5392}.Debug|x86.ActiveCfg = Debug|Any CPU
		{F9066262-BAA4-4DB0-9F27-D69D309C5392}.Debug|x86.Build.0 = Debug|Any CPU
		{F9066262-BAA4-4DB0-9F27-D69D309C5392}.Debug|x86.Deploy.0 = Debug|Any CPU
		{F9066262-BAA4-4DB0-9F27-D69D309C5392}.Release|Any CPU.ActiveCfg = Release|Any CPU
		{F9066262-BAA4-4DB0-9F27-D69D309C5392}.Release|Any CPU.Build.0 = Release|Any CPU
		{F9066262-BAA4-4DB0-9F27-D69D309C5392}.Release|Any CPU.Deploy.0 = Release|Any CPU
		{F9066262-BAA4-4DB0-9F27-D69D309C5392}.Release|ARM.ActiveCfg = Release|Any CPU
		{F9066262-BAA4-4DB0-9F27-D69D309C5392}.Release|ARM.Build.0 = Release|Any CPU
		{F9066262-BAA4-4DB0-9F27-D69D309C5392}.Release|ARM.Deploy.0 = Release|Any CPU
		{F9066262-BAA4-4DB0-9F27-D69D309C5392}.Release|iPhone.ActiveCfg = Release|Any CPU
		{F9066262-BAA4-4DB0-9F27-D69D309C5392}.Release|iPhone.Build.0 = Release|Any CPU
		{F9066262-BAA4-4DB0-9F27-D69D309C5392}.Release|iPhone.Deploy.0 = Release|Any CPU
		{F9066262-BAA4-4DB0-9F27-D69D309C5392}.Release|iPhoneSimulator.ActiveCfg = Release|Any CPU
		{F9066262-BAA4-4DB0-9F27-D69D309C5392}.Release|iPhoneSimulator.Build.0 = Release|Any CPU
		{F9066262-BAA4-4DB0-9F27-D69D309C5392}.Release|iPhoneSimulator.Deploy.0 = Release|Any CPU
		{F9066262-BAA4-4DB0-9F27-D69D309C5392}.Release|x64.ActiveCfg = Release|Any CPU
		{F9066262-BAA4-4DB0-9F27-D69D309C5392}.Release|x64.Build.0 = Release|Any CPU
		{F9066262-BAA4-4DB0-9F27-D69D309C5392}.Release|x64.Deploy.0 = Release|Any CPU
		{F9066262-BAA4-4DB0-9F27-D69D309C5392}.Release|x86.ActiveCfg = Release|Any CPU
		{F9066262-BAA4-4DB0-9F27-D69D309C5392}.Release|x86.Build.0 = Release|Any CPU
		{F9066262-BAA4-4DB0-9F27-D69D309C5392}.Release|x86.Deploy.0 = Release|Any CPU
		{E29F0BDA-CA2A-4A7B-8CC3-F22D2669765C}.Ad-Hoc|Any CPU.ActiveCfg = Ad-Hoc|iPhone
		{E29F0BDA-CA2A-4A7B-8CC3-F22D2669765C}.Ad-Hoc|Any CPU.Build.0 = Ad-Hoc|iPhone
		{E29F0BDA-CA2A-4A7B-8CC3-F22D2669765C}.Ad-Hoc|Any CPU.Deploy.0 = Ad-Hoc|iPhone
		{E29F0BDA-CA2A-4A7B-8CC3-F22D2669765C}.Ad-Hoc|ARM.ActiveCfg = Ad-Hoc|iPhone
		{E29F0BDA-CA2A-4A7B-8CC3-F22D2669765C}.Ad-Hoc|ARM.Build.0 = Ad-Hoc|iPhone
		{E29F0BDA-CA2A-4A7B-8CC3-F22D2669765C}.Ad-Hoc|ARM.Deploy.0 = Ad-Hoc|iPhone
		{E29F0BDA-CA2A-4A7B-8CC3-F22D2669765C}.Ad-Hoc|iPhone.ActiveCfg = Ad-Hoc|iPhone
		{E29F0BDA-CA2A-4A7B-8CC3-F22D2669765C}.Ad-Hoc|iPhone.Build.0 = Ad-Hoc|iPhone
		{E29F0BDA-CA2A-4A7B-8CC3-F22D2669765C}.Ad-Hoc|iPhone.Deploy.0 = Ad-Hoc|iPhone
		{E29F0BDA-CA2A-4A7B-8CC3-F22D2669765C}.Ad-Hoc|iPhoneSimulator.ActiveCfg = Ad-Hoc|iPhoneSimulator
		{E29F0BDA-CA2A-4A7B-8CC3-F22D2669765C}.Ad-Hoc|iPhoneSimulator.Build.0 = Ad-Hoc|iPhoneSimulator
		{E29F0BDA-CA2A-4A7B-8CC3-F22D2669765C}.Ad-Hoc|iPhoneSimulator.Deploy.0 = Ad-Hoc|iPhoneSimulator
		{E29F0BDA-CA2A-4A7B-8CC3-F22D2669765C}.Ad-Hoc|x64.ActiveCfg = Ad-Hoc|iPhone
		{E29F0BDA-CA2A-4A7B-8CC3-F22D2669765C}.Ad-Hoc|x64.Build.0 = Ad-Hoc|iPhone
		{E29F0BDA-CA2A-4A7B-8CC3-F22D2669765C}.Ad-Hoc|x64.Deploy.0 = Ad-Hoc|iPhone
		{E29F0BDA-CA2A-4A7B-8CC3-F22D2669765C}.Ad-Hoc|x86.ActiveCfg = Ad-Hoc|iPhone
		{E29F0BDA-CA2A-4A7B-8CC3-F22D2669765C}.Ad-Hoc|x86.Build.0 = Ad-Hoc|iPhone
		{E29F0BDA-CA2A-4A7B-8CC3-F22D2669765C}.Ad-Hoc|x86.Deploy.0 = Ad-Hoc|iPhone
		{E29F0BDA-CA2A-4A7B-8CC3-F22D2669765C}.AppStore|Any CPU.ActiveCfg = AppStore|iPhone
		{E29F0BDA-CA2A-4A7B-8CC3-F22D2669765C}.AppStore|Any CPU.Build.0 = AppStore|iPhone
		{E29F0BDA-CA2A-4A7B-8CC3-F22D2669765C}.AppStore|Any CPU.Deploy.0 = AppStore|iPhone
		{E29F0BDA-CA2A-4A7B-8CC3-F22D2669765C}.AppStore|ARM.ActiveCfg = AppStore|iPhone
		{E29F0BDA-CA2A-4A7B-8CC3-F22D2669765C}.AppStore|ARM.Build.0 = AppStore|iPhone
		{E29F0BDA-CA2A-4A7B-8CC3-F22D2669765C}.AppStore|ARM.Deploy.0 = AppStore|iPhone
		{E29F0BDA-CA2A-4A7B-8CC3-F22D2669765C}.AppStore|iPhone.ActiveCfg = AppStore|iPhone
		{E29F0BDA-CA2A-4A7B-8CC3-F22D2669765C}.AppStore|iPhone.Build.0 = AppStore|iPhone
		{E29F0BDA-CA2A-4A7B-8CC3-F22D2669765C}.AppStore|iPhone.Deploy.0 = AppStore|iPhone
		{E29F0BDA-CA2A-4A7B-8CC3-F22D2669765C}.AppStore|iPhoneSimulator.ActiveCfg = AppStore|iPhoneSimulator
		{E29F0BDA-CA2A-4A7B-8CC3-F22D2669765C}.AppStore|iPhoneSimulator.Build.0 = AppStore|iPhoneSimulator
		{E29F0BDA-CA2A-4A7B-8CC3-F22D2669765C}.AppStore|iPhoneSimulator.Deploy.0 = AppStore|iPhoneSimulator
		{E29F0BDA-CA2A-4A7B-8CC3-F22D2669765C}.AppStore|x64.ActiveCfg = AppStore|iPhone
		{E29F0BDA-CA2A-4A7B-8CC3-F22D2669765C}.AppStore|x64.Build.0 = AppStore|iPhone
		{E29F0BDA-CA2A-4A7B-8CC3-F22D2669765C}.AppStore|x64.Deploy.0 = AppStore|iPhone
		{E29F0BDA-CA2A-4A7B-8CC3-F22D2669765C}.AppStore|x86.ActiveCfg = AppStore|iPhone
		{E29F0BDA-CA2A-4A7B-8CC3-F22D2669765C}.AppStore|x86.Build.0 = AppStore|iPhone
		{E29F0BDA-CA2A-4A7B-8CC3-F22D2669765C}.AppStore|x86.Deploy.0 = AppStore|iPhone
		{E29F0BDA-CA2A-4A7B-8CC3-F22D2669765C}.Debug|Any CPU.ActiveCfg = Debug|iPhoneSimulator
		{E29F0BDA-CA2A-4A7B-8CC3-F22D2669765C}.Debug|Any CPU.Build.0 = Debug|iPhoneSimulator
		{E29F0BDA-CA2A-4A7B-8CC3-F22D2669765C}.Debug|Any CPU.Deploy.0 = Debug|iPhoneSimulator
		{E29F0BDA-CA2A-4A7B-8CC3-F22D2669765C}.Debug|ARM.ActiveCfg = Debug|iPhone
		{E29F0BDA-CA2A-4A7B-8CC3-F22D2669765C}.Debug|ARM.Build.0 = Debug|iPhone
		{E29F0BDA-CA2A-4A7B-8CC3-F22D2669765C}.Debug|ARM.Deploy.0 = Debug|iPhone
		{E29F0BDA-CA2A-4A7B-8CC3-F22D2669765C}.Debug|iPhone.ActiveCfg = Debug|iPhone
		{E29F0BDA-CA2A-4A7B-8CC3-F22D2669765C}.Debug|iPhone.Build.0 = Debug|iPhone
		{E29F0BDA-CA2A-4A7B-8CC3-F22D2669765C}.Debug|iPhone.Deploy.0 = Debug|iPhone
		{E29F0BDA-CA2A-4A7B-8CC3-F22D2669765C}.Debug|iPhoneSimulator.ActiveCfg = Debug|iPhoneSimulator
		{E29F0BDA-CA2A-4A7B-8CC3-F22D2669765C}.Debug|iPhoneSimulator.Build.0 = Debug|iPhoneSimulator
		{E29F0BDA-CA2A-4A7B-8CC3-F22D2669765C}.Debug|iPhoneSimulator.Deploy.0 = Debug|iPhoneSimulator
		{E29F0BDA-CA2A-4A7B-8CC3-F22D2669765C}.Debug|x64.ActiveCfg = Debug|iPhone
		{E29F0BDA-CA2A-4A7B-8CC3-F22D2669765C}.Debug|x64.Build.0 = Debug|iPhone
		{E29F0BDA-CA2A-4A7B-8CC3-F22D2669765C}.Debug|x64.Deploy.0 = Debug|iPhone
		{E29F0BDA-CA2A-4A7B-8CC3-F22D2669765C}.Debug|x86.ActiveCfg = Debug|iPhone
		{E29F0BDA-CA2A-4A7B-8CC3-F22D2669765C}.Debug|x86.Build.0 = Debug|iPhone
		{E29F0BDA-CA2A-4A7B-8CC3-F22D2669765C}.Debug|x86.Deploy.0 = Debug|iPhone
		{E29F0BDA-CA2A-4A7B-8CC3-F22D2669765C}.Release|Any CPU.ActiveCfg = Release|iPhone
		{E29F0BDA-CA2A-4A7B-8CC3-F22D2669765C}.Release|Any CPU.Build.0 = Release|iPhone
		{E29F0BDA-CA2A-4A7B-8CC3-F22D2669765C}.Release|Any CPU.Deploy.0 = Release|iPhone
		{E29F0BDA-CA2A-4A7B-8CC3-F22D2669765C}.Release|ARM.ActiveCfg = Release|iPhone
		{E29F0BDA-CA2A-4A7B-8CC3-F22D2669765C}.Release|ARM.Build.0 = Release|iPhone
		{E29F0BDA-CA2A-4A7B-8CC3-F22D2669765C}.Release|ARM.Deploy.0 = Release|iPhone
		{E29F0BDA-CA2A-4A7B-8CC3-F22D2669765C}.Release|iPhone.ActiveCfg = Release|iPhone
		{E29F0BDA-CA2A-4A7B-8CC3-F22D2669765C}.Release|iPhone.Build.0 = Release|iPhone
		{E29F0BDA-CA2A-4A7B-8CC3-F22D2669765C}.Release|iPhone.Deploy.0 = Release|iPhone
		{E29F0BDA-CA2A-4A7B-8CC3-F22D2669765C}.Release|iPhoneSimulator.ActiveCfg = Release|iPhoneSimulator
		{E29F0BDA-CA2A-4A7B-8CC3-F22D2669765C}.Release|iPhoneSimulator.Build.0 = Release|iPhoneSimulator
		{E29F0BDA-CA2A-4A7B-8CC3-F22D2669765C}.Release|iPhoneSimulator.Deploy.0 = Release|iPhoneSimulator
		{E29F0BDA-CA2A-4A7B-8CC3-F22D2669765C}.Release|x64.ActiveCfg = Release|iPhone
		{E29F0BDA-CA2A-4A7B-8CC3-F22D2669765C}.Release|x64.Build.0 = Release|iPhone
		{E29F0BDA-CA2A-4A7B-8CC3-F22D2669765C}.Release|x64.Deploy.0 = Release|iPhone
		{E29F0BDA-CA2A-4A7B-8CC3-F22D2669765C}.Release|x86.ActiveCfg = Release|iPhone
		{E29F0BDA-CA2A-4A7B-8CC3-F22D2669765C}.Release|x86.Build.0 = Release|iPhone
		{E29F0BDA-CA2A-4A7B-8CC3-F22D2669765C}.Release|x86.Deploy.0 = Release|iPhone
		{73D65924-9A7A-4CA2-855A-A1A17BD79E56}.Ad-Hoc|Any CPU.ActiveCfg = Release|x86
		{73D65924-9A7A-4CA2-855A-A1A17BD79E56}.Ad-Hoc|Any CPU.Build.0 = Release|x86
		{73D65924-9A7A-4CA2-855A-A1A17BD79E56}.Ad-Hoc|Any CPU.Deploy.0 = Release|x86
		{73D65924-9A7A-4CA2-855A-A1A17BD79E56}.Ad-Hoc|ARM.ActiveCfg = Release|ARM
		{73D65924-9A7A-4CA2-855A-A1A17BD79E56}.Ad-Hoc|ARM.Build.0 = Release|ARM
		{73D65924-9A7A-4CA2-855A-A1A17BD79E56}.Ad-Hoc|ARM.Deploy.0 = Release|ARM
		{73D65924-9A7A-4CA2-855A-A1A17BD79E56}.Ad-Hoc|iPhone.ActiveCfg = Release|x86
		{73D65924-9A7A-4CA2-855A-A1A17BD79E56}.Ad-Hoc|iPhone.Build.0 = Release|x86
		{73D65924-9A7A-4CA2-855A-A1A17BD79E56}.Ad-Hoc|iPhone.Deploy.0 = Release|x86
		{73D65924-9A7A-4CA2-855A-A1A17BD79E56}.Ad-Hoc|iPhoneSimulator.ActiveCfg = Release|x86
		{73D65924-9A7A-4CA2-855A-A1A17BD79E56}.Ad-Hoc|iPhoneSimulator.Build.0 = Release|x86
		{73D65924-9A7A-4CA2-855A-A1A17BD79E56}.Ad-Hoc|iPhoneSimulator.Deploy.0 = Release|x86
		{73D65924-9A7A-4CA2-855A-A1A17BD79E56}.Ad-Hoc|x64.ActiveCfg = Release|x64
		{73D65924-9A7A-4CA2-855A-A1A17BD79E56}.Ad-Hoc|x64.Build.0 = Release|x64
		{73D65924-9A7A-4CA2-855A-A1A17BD79E56}.Ad-Hoc|x64.Deploy.0 = Release|x64
		{73D65924-9A7A-4CA2-855A-A1A17BD79E56}.Ad-Hoc|x86.ActiveCfg = Release|x86
		{73D65924-9A7A-4CA2-855A-A1A17BD79E56}.Ad-Hoc|x86.Build.0 = Release|x86
		{73D65924-9A7A-4CA2-855A-A1A17BD79E56}.Ad-Hoc|x86.Deploy.0 = Release|x86
		{73D65924-9A7A-4CA2-855A-A1A17BD79E56}.AppStore|Any CPU.ActiveCfg = Release|x86
		{73D65924-9A7A-4CA2-855A-A1A17BD79E56}.AppStore|Any CPU.Build.0 = Release|x86
		{73D65924-9A7A-4CA2-855A-A1A17BD79E56}.AppStore|Any CPU.Deploy.0 = Release|x86
		{73D65924-9A7A-4CA2-855A-A1A17BD79E56}.AppStore|ARM.ActiveCfg = Release|ARM
		{73D65924-9A7A-4CA2-855A-A1A17BD79E56}.AppStore|ARM.Build.0 = Release|ARM
		{73D65924-9A7A-4CA2-855A-A1A17BD79E56}.AppStore|ARM.Deploy.0 = Release|ARM
		{73D65924-9A7A-4CA2-855A-A1A17BD79E56}.AppStore|iPhone.ActiveCfg = Release|x86
		{73D65924-9A7A-4CA2-855A-A1A17BD79E56}.AppStore|iPhone.Build.0 = Release|x86
		{73D65924-9A7A-4CA2-855A-A1A17BD79E56}.AppStore|iPhone.Deploy.0 = Release|x86
		{73D65924-9A7A-4CA2-855A-A1A17BD79E56}.AppStore|iPhoneSimulator.ActiveCfg = Release|x86
		{73D65924-9A7A-4CA2-855A-A1A17BD79E56}.AppStore|iPhoneSimulator.Build.0 = Release|x86
		{73D65924-9A7A-4CA2-855A-A1A17BD79E56}.AppStore|iPhoneSimulator.Deploy.0 = Release|x86
		{73D65924-9A7A-4CA2-855A-A1A17BD79E56}.AppStore|x64.ActiveCfg = Release|x64
		{73D65924-9A7A-4CA2-855A-A1A17BD79E56}.AppStore|x64.Build.0 = Release|x64
		{73D65924-9A7A-4CA2-855A-A1A17BD79E56}.AppStore|x64.Deploy.0 = Release|x64
		{73D65924-9A7A-4CA2-855A-A1A17BD79E56}.AppStore|x86.ActiveCfg = Release|x86
		{73D65924-9A7A-4CA2-855A-A1A17BD79E56}.AppStore|x86.Build.0 = Release|x86
		{73D65924-9A7A-4CA2-855A-A1A17BD79E56}.AppStore|x86.Deploy.0 = Release|x86
		{73D65924-9A7A-4CA2-855A-A1A17BD79E56}.Debug|Any CPU.ActiveCfg = Debug|x86
		{73D65924-9A7A-4CA2-855A-A1A17BD79E56}.Debug|Any CPU.Build.0 = Debug|x86
		{73D65924-9A7A-4CA2-855A-A1A17BD79E56}.Debug|Any CPU.Deploy.0 = Debug|x86
		{73D65924-9A7A-4CA2-855A-A1A17BD79E56}.Debug|ARM.ActiveCfg = Debug|ARM
		{73D65924-9A7A-4CA2-855A-A1A17BD79E56}.Debug|ARM.Build.0 = Debug|ARM
		{73D65924-9A7A-4CA2-855A-A1A17BD79E56}.Debug|ARM.Deploy.0 = Debug|ARM
		{73D65924-9A7A-4CA2-855A-A1A17BD79E56}.Debug|iPhone.ActiveCfg = Debug|x86
		{73D65924-9A7A-4CA2-855A-A1A17BD79E56}.Debug|iPhone.Build.0 = Debug|x86
		{73D65924-9A7A-4CA2-855A-A1A17BD79E56}.Debug|iPhone.Deploy.0 = Debug|x86
		{73D65924-9A7A-4CA2-855A-A1A17BD79E56}.Debug|iPhoneSimulator.ActiveCfg = Debug|x86
		{73D65924-9A7A-4CA2-855A-A1A17BD79E56}.Debug|iPhoneSimulator.Build.0 = Debug|x86
		{73D65924-9A7A-4CA2-855A-A1A17BD79E56}.Debug|iPhoneSimulator.Deploy.0 = Debug|x86
		{73D65924-9A7A-4CA2-855A-A1A17BD79E56}.Debug|x64.ActiveCfg = Debug|x64
		{73D65924-9A7A-4CA2-855A-A1A17BD79E56}.Debug|x64.Build.0 = Debug|x64
		{73D65924-9A7A-4CA2-855A-A1A17BD79E56}.Debug|x64.Deploy.0 = Debug|x64
		{73D65924-9A7A-4CA2-855A-A1A17BD79E56}.Debug|x86.ActiveCfg = Debug|x86
		{73D65924-9A7A-4CA2-855A-A1A17BD79E56}.Debug|x86.Build.0 = Debug|x86
		{73D65924-9A7A-4CA2-855A-A1A17BD79E56}.Debug|x86.Deploy.0 = Debug|x86
		{73D65924-9A7A-4CA2-855A-A1A17BD79E56}.Release|Any CPU.ActiveCfg = Release|x86
		{73D65924-9A7A-4CA2-855A-A1A17BD79E56}.Release|Any CPU.Build.0 = Release|x86
		{73D65924-9A7A-4CA2-855A-A1A17BD79E56}.Release|Any CPU.Deploy.0 = Release|x86
		{73D65924-9A7A-4CA2-855A-A1A17BD79E56}.Release|ARM.ActiveCfg = Release|ARM
		{73D65924-9A7A-4CA2-855A-A1A17BD79E56}.Release|ARM.Build.0 = Release|ARM
		{73D65924-9A7A-4CA2-855A-A1A17BD79E56}.Release|ARM.Deploy.0 = Release|ARM
		{73D65924-9A7A-4CA2-855A-A1A17BD79E56}.Release|iPhone.ActiveCfg = Release|x86
		{73D65924-9A7A-4CA2-855A-A1A17BD79E56}.Release|iPhone.Build.0 = Release|x86
		{73D65924-9A7A-4CA2-855A-A1A17BD79E56}.Release|iPhone.Deploy.0 = Release|x86
		{73D65924-9A7A-4CA2-855A-A1A17BD79E56}.Release|iPhoneSimulator.ActiveCfg = Release|x86
		{73D65924-9A7A-4CA2-855A-A1A17BD79E56}.Release|iPhoneSimulator.Build.0 = Release|x86
		{73D65924-9A7A-4CA2-855A-A1A17BD79E56}.Release|iPhoneSimulator.Deploy.0 = Release|x86
		{73D65924-9A7A-4CA2-855A-A1A17BD79E56}.Release|x64.ActiveCfg = Release|x64
		{73D65924-9A7A-4CA2-855A-A1A17BD79E56}.Release|x64.Build.0 = Release|x64
		{73D65924-9A7A-4CA2-855A-A1A17BD79E56}.Release|x64.Deploy.0 = Release|x64
		{73D65924-9A7A-4CA2-855A-A1A17BD79E56}.Release|x86.ActiveCfg = Release|x86
		{73D65924-9A7A-4CA2-855A-A1A17BD79E56}.Release|x86.Build.0 = Release|x86
		{73D65924-9A7A-4CA2-855A-A1A17BD79E56}.Release|x86.Deploy.0 = Release|x86
	EndGlobalSection
	GlobalSection(SolutionProperties) = preSolution
		HideSolutionNode = FALSE
	EndGlobalSection
	GlobalSection(ExtensibilityGlobals) = postSolution
		SolutionGuid = {9E40D82D-9829-47A0-AFDE-5E9E64FBDCBC}
	EndGlobalSection
EndGlobal
